<Solution>
  <Project Path="BoardGame.Api/BoardGame.Api.csproj" />
  <Project Path="BoardGame.Data/BoardGame.Data.csproj" />
  <Project Path="BoardGame.Game/BoardGame.Game.csproj" />
  <Project Path="BoardGame.Tests/BoardGame.Tests.csproj" />
  <Project Path="BoardGame.Web/boardgame.web.esproj">
    <Build />
    <Deploy />
  </Project>
  <Project Path="Prototype/Prototype.csproj" Id="f7e6b603-4c9d-4006-ab25-a7ef63ec96c8" />
</Solution>
